
Microsoft Visual Studio Solution File, Format Version 12.00
Project("{FAE04EC0-301F-11D3-BF4B-00C04F79EFBC}") = "MyApi", "MyApi.csproj", "{EC142A92-6A67-4D74-9E66-61C9DE4A120E}"
EndProject
Global
	GlobalSection(SolutionConfigurationPlatforms) = preSolution
		Debug|Any CPU = Debug|Any CPU
		Release|Any CPU = Release|Any CPU
	EndGlobalSection
	GlobalSection(ProjectConfigurationPlatforms) = postSolution
		{EC142A92-6A67-4D74-9E66-61C9DE4A120E}.Debug|Any CPU.ActiveCfg = Debug|Any CPU
		{EC142A92-6A67-4D74-9E66-61C9DE4A120E}.Debug|Any CPU.Build.0 = Debug|Any CPU
		{EC142A92-6A67-4D74-9E66-61C9DE4A120E}.Release|Any CPU.ActiveCfg = Release|Any CPU
		{EC142A92-6A67-4D74-9E66-61C9DE4A120E}.Release|Any CPU.Build.0 = Release|Any CPU
	EndGlobalSection
EndGlobal
